// !$*UTF8*$!
{
	archiveVersion = 1;
	classes = {
	};
	objectVersion = 56;
	objects = {

/* Begin PBXBuildFile section */
		889A0233F4A137684090C715 /* Pods_BrotliSample.framework in Frameworks */ = {isa = PBXBuildFile; fileRef = 3D8772EA2AE6D22F271D6DC2 /* Pods_BrotliSample.framework */; };
		8DD747192D1FD3E2006C5BD1 /* Preview Assets.xcassets in Resources */ = {isa = PBXBuildFile; fileRef = 8DD747132D1FD3E2006C5BD1 /* Preview Assets.xcassets */; };
		8DD7471A2D1FD3E2006C5BD1 /* Assets.xcassets in Resources */ = {isa = PBXBuildFile; fileRef = 8DD747152D1FD3E2006C5BD1 /* Assets.xcassets */; };
		8DD7471B2D1FD3E2006C5BD1 /* BrotliSampleApp.swift in Sources */ = {isa = PBXBuildFile; fileRef = 8DD747162D1FD3E2006C5BD1 /* BrotliSampleApp.swift */; };
		8DD7471C2D1FD3E2006C5BD1 /* ContentView.swift in Sources */ = {isa = PBXBuildFile; fileRef = 8DD747172D1FD3E2006C5BD1 /* ContentView.swift */; };
		8DD747212D1FDE22006C5BD1 /* NetworkManager.swift in Sources */ = {isa = PBXBuildFile; fileRef = 8DD747202D1FDE1C006C5BD1 /* NetworkManager.swift */; };
		8DD747222D1FEB9A006C5BD1 /* Brotli.swift in Sources */ = {isa = PBXBuildFile; fileRef = 8DD7471E2D1FD637006C5BD1 /* Brotli.swift */; };
		8DD747232D1FEB9F006C5BD1 /* Brotli+JSON.swift in Sources */ = {isa = PBXBuildFile; fileRef = 8DD7471F2D1FD6A8006C5BD1 /* Brotli+JSON.swift */; };
		8DD747252D1FF894006C5BD1 /* output.json.br in Resources */ = {isa = PBXBuildFile; fileRef = 8DD747242D1FF894006C5BD1 /* output.json.br */; };
/* End PBXBuildFile section */

/* Begin PBXFileReference section */
		3D8772EA2AE6D22F271D6DC2 /* Pods_BrotliSample.framework */ = {isa = PBXFileReference; explicitFileType = wrapper.framework; includeInIndex = 0; path = Pods_BrotliSample.framework; sourceTree = BUILT_PRODUCTS_DIR; };
		458E46F7C01681BFB034AFD2 /* Pods-BrotliSample.release.xcconfig */ = {isa = PBXFileReference; includeInIndex = 1; lastKnownFileType = text.xcconfig; name = "Pods-BrotliSample.release.xcconfig"; path = "Target Support Files/Pods-BrotliSample/Pods-BrotliSample.release.xcconfig"; sourceTree = "<group>"; };
		66AB7A5A3A6BCF4371A5CB70 /* Pods-BrotliSample.debug.xcconfig */ = {isa = PBXFileReference; includeInIndex = 1; lastKnownFileType = text.xcconfig; name = "Pods-BrotliSample.debug.xcconfig"; path = "Target Support Files/Pods-BrotliSample/Pods-BrotliSample.debug.xcconfig"; sourceTree = "<group>"; };
		8DD747022D1FD200006C5BD1 /* BrotliSample.app */ = {isa = PBXFileReference; explicitFileType = wrapper.application; includeInIndex = 0; path = BrotliSample.app; sourceTree = BUILT_PRODUCTS_DIR; };
		8DD747132D1FD3E2006C5BD1 /* Preview Assets.xcassets */ = {isa = PBXFileReference; lastKnownFileType = folder.assetcatalog; path = "Preview Assets.xcassets"; sourceTree = "<group>"; };
		8DD747152D1FD3E2006C5BD1 /* Assets.xcassets */ = {isa = PBXFileReference; lastKnownFileType = folder.assetcatalog; path = Assets.xcassets; sourceTree = "<group>"; };
		8DD747162D1FD3E2006C5BD1 /* BrotliSampleApp.swift */ = {isa = PBXFileReference; lastKnownFileType = sourcecode.swift; path = BrotliSampleApp.swift; sourceTree = "<group>"; };
		8DD747172D1FD3E2006C5BD1 /* ContentView.swift */ = {isa = PBXFileReference; lastKnownFileType = sourcecode.swift; path = ContentView.swift; sourceTree = "<group>"; };
		8DD7471E2D1FD637006C5BD1 /* Brotli.swift */ = {isa = PBXFileReference; lastKnownFileType = sourcecode.swift; path = Brotli.swift; sourceTree = "<group>"; };
		8DD7471F2D1FD6A8006C5BD1 /* Brotli+JSON.swift */ = {isa = PBXFileReference; lastKnownFileType = sourcecode.swift; path = "Brotli+JSON.swift"; sourceTree = "<group>"; };
		8DD747202D1FDE1C006C5BD1 /* NetworkManager.swift */ = {isa = PBXFileReference; lastKnownFileType = sourcecode.swift; path = NetworkManager.swift; sourceTree = "<group>"; };
		8DD747242D1FF894006C5BD1 /* output.json.br */ = {isa = PBXFileReference; lastKnownFileType = file; path = output.json.br; sourceTree = "<group>"; };
/* End PBXFileReference section */

/* Begin PBXFrameworksBuildPhase section */
		8DD746FF2D1FD200006C5BD1 /* Frameworks */ = {
			isa = PBXFrameworksBuildPhase;
			buildActionMask = 2147483647;
			files = (
				889A0233F4A137684090C715 /* Pods_BrotliSample.framework in Frameworks */,
			);
			runOnlyForDeploymentPostprocessing = 0;
		};
/* End PBXFrameworksBuildPhase section */

/* Begin PBXGroup section */
		8DD746F92D1FD200006C5BD1 = {
			isa = PBXGroup;
			children = (
				8DD7471D2D1FD611006C5BD1 /* Brotli+Data */,
				8DD747182D1FD3E2006C5BD1 /* BrotliSample */,
				8DD747032D1FD200006C5BD1 /* Products */,
				B7A7918657FB62DB871EE008 /* Pods */,
				9D53F3ACA5CD552FF5CD5D94 /* Frameworks */,
			);
			sourceTree = "<group>";
		};
		8DD747032D1FD200006C5BD1 /* Products */ = {
			isa = PBXGroup;
			children = (
				8DD747022D1FD200006C5BD1 /* BrotliSample.app */,
			);
			name = Products;
			sourceTree = "<group>";
		};
		8DD747142D1FD3E2006C5BD1 /* Preview Content */ = {
			isa = PBXGroup;
			children = (
				8DD747132D1FD3E2006C5BD1 /* Preview Assets.xcassets */,
			);
			path = "Preview Content";
			sourceTree = "<group>";
		};
		8DD747182D1FD3E2006C5BD1 /* BrotliSample */ = {
			isa = PBXGroup;
			children = (
				8DD747242D1FF894006C5BD1 /* output.json.br */,
				8DD747202D1FDE1C006C5BD1 /* NetworkManager.swift */,
				8DD747142D1FD3E2006C5BD1 /* Preview Content */,
				8DD747152D1FD3E2006C5BD1 /* Assets.xcassets */,
				8DD747162D1FD3E2006C5BD1 /* BrotliSampleApp.swift */,
				8DD747172D1FD3E2006C5BD1 /* ContentView.swift */,
			);
			path = BrotliSample;
			sourceTree = "<group>";
		};
		8DD7471D2D1FD611006C5BD1 /* Brotli+Data */ = {
			isa = PBXGroup;
			children = (
				8DD7471F2D1FD6A8006C5BD1 /* Brotli+JSON.swift */,
				8DD7471E2D1FD637006C5BD1 /* Brotli.swift */,
			);
			path = "Brotli+Data";
			sourceTree = "<group>";
		};
		9D53F3ACA5CD552FF5CD5D94 /* Frameworks */ = {
			isa = PBXGroup;
			children = (
				3D8772EA2AE6D22F271D6DC2 /* Pods_BrotliSample.framework */,
			);
			name = Frameworks;
			sourceTree = "<group>";
		};
		B7A7918657FB62DB871EE008 /* Pods */ = {
			isa = PBXGroup;
			children = (
				66AB7A5A3A6BCF4371A5CB70 /* Pods-BrotliSample.debug.xcconfig */,
				458E46F7C01681BFB034AFD2 /* Pods-BrotliSample.release.xcconfig */,
			);
			path = Pods;
			sourceTree = "<group>";
		};
/* End PBXGroup section */

/* Begin PBXNativeTarget section */
		8DD747012D1FD200006C5BD1 /* BrotliSample */ = {
			isa = PBXNativeTarget;
			buildConfigurationList = 8DD747102D1FD201006C5BD1 /* Build configuration list for PBXNativeTarget "BrotliSample" */;
			buildPhases = (
				D1C92F4E83B11C5057C22816 /* [CP] Check Pods Manifest.lock */,
				8DD746FE2D1FD200006C5BD1 /* Sources */,
				8DD746FF2D1FD200006C5BD1 /* Frameworks */,
				8DD747002D1FD200006C5BD1 /* Resources */,
				BB925AD8806C2DDADF8D087A /* [CP] Embed Pods Frameworks */,
			);
			buildRules = (
			);
			dependencies = (
			);
			name = BrotliSample;
			productName = BrotliSample;
			productReference = 8DD747022D1FD200006C5BD1 /* BrotliSample.app */;
			productType = "com.apple.product-type.application";
		};
/* End PBXNativeTarget section */

/* Begin PBXProject section */
		8DD746FA2D1FD200006C5BD1 /* Project object */ = {
			isa = PBXProject;
			attributes = {
				BuildIndependentTargetsInParallel = 1;
				LastSwiftUpdateCheck = 1600;
				LastUpgradeCheck = 1600;
				TargetAttributes = {
					8DD747012D1FD200006C5BD1 = {
						CreatedOnToolsVersion = 16.0;
					};
				};
			};
			buildConfigurationList = 8DD746FD2D1FD200006C5BD1 /* Build configuration list for PBXProject "BrotliSample" */;
			compatibilityVersion = "Xcode 14.0";
			developmentRegion = en;
			hasScannedForEncodings = 0;
			knownRegions = (
				en,
				Base,
			);
			mainGroup = 8DD746F92D1FD200006C5BD1;
			productRefGroup = 8DD747032D1FD200006C5BD1 /* Products */;
			projectDirPath = "";
			projectRoot = "";
			targets = (
				8DD747012D1FD200006C5BD1 /* BrotliSample */,
			);
		};
/* End PBXProject section */

/* Begin PBXResourcesBuildPhase section */
		8DD747002D1FD200006C5BD1 /* Resources */ = {
			isa = PBXResourcesBuildPhase;
			buildActionMask = 2147483647;
			files = (
				8DD747192D1FD3E2006C5BD1 /* Preview Assets.xcassets in Resources */,
				8DD7471A2D1FD3E2006C5BD1 /* Assets.xcassets in Resources */,
				8DD747252D1FF894006C5BD1 /* output.json.br in Resources */,
			);
			runOnlyForDeploymentPostprocessing = 0;
		};
/* End PBXResourcesBuildPhase section */

/* Begin PBXShellScriptBuildPhase section */
		BB925AD8806C2DDADF8D087A /* [CP] Embed Pods Frameworks */ = {
			isa = PBXShellScriptBuildPhase;
			buildActionMask = 2147483647;
			files = (
			);
			inputFileListPaths = (
				"${PODS_ROOT}/Target Support Files/Pods-BrotliSample/Pods-BrotliSample-frameworks-${CONFIGURATION}-input-files.xcfilelist",
			);
			name = "[CP] Embed Pods Frameworks";
			outputFileListPaths = (
				"${PODS_ROOT}/Target Support Files/Pods-BrotliSample/Pods-BrotliSample-frameworks-${CONFIGURATION}-output-files.xcfilelist",
			);
			runOnlyForDeploymentPostprocessing = 0;
			shellPath = /bin/sh;
			shellScript = "\"${PODS_ROOT}/Target Support Files/Pods-BrotliSample/Pods-BrotliSample-frameworks.sh\"\n";
			showEnvVarsInLog = 0;
		};
		D1C92F4E83B11C5057C22816 /* [CP] Check Pods Manifest.lock */ = {
			isa = PBXShellScriptBuildPhase;
			buildActionMask = 2147483647;
			files = (
			);
			inputFileListPaths = (
			);
			inputPaths = (
				"${PODS_PODFILE_DIR_PATH}/Podfile.lock",
				"${PODS_ROOT}/Manifest.lock",
			);
			name = "[CP] Check Pods Manifest.lock";
			outputFileListPaths = (
			);
			outputPaths = (
				"$(DERIVED_FILE_DIR)/Pods-BrotliSample-checkManifestLockResult.txt",
			);
			runOnlyForDeploymentPostprocessing = 0;
			shellPath = /bin/sh;
			shellScript = "diff \"${PODS_PODFILE_DIR_PATH}/Podfile.lock\" \"${PODS_ROOT}/Manifest.lock\" > /dev/null\nif [ $? != 0 ] ; then\n    # print error to STDERR\n    echo \"error: The sandbox is not in sync with the Podfile.lock. Run 'pod install' or update your CocoaPods installation.\" >&2\n    exit 1\nfi\n# This output is used by Xcode 'outputs' to avoid re-running this script phase.\necho \"SUCCESS\" > \"${SCRIPT_OUTPUT_FILE_0}\"\n";
			showEnvVarsInLog = 0;
		};
/* End PBXShellScriptBuildPhase section */

/* Begin PBXSourcesBuildPhase section */
		8DD746FE2D1FD200006C5BD1 /* Sources */ = {
			isa = PBXSourcesBuildPhase;
			buildActionMask = 2147483647;
			files = (
				8DD747212D1FDE22006C5BD1 /* NetworkManager.swift in Sources */,
				8DD7471B2D1FD3E2006C5BD1 /* BrotliSampleApp.swift in Sources */,
				8DD7471C2D1FD3E2006C5BD1 /* ContentView.swift in Sources */,
				8DD747222D1FEB9A006C5BD1 /* Brotli.swift in Sources */,
				8DD747232D1FEB9F006C5BD1 /* Brotli+JSON.swift in Sources */,
			);
			runOnlyForDeploymentPostprocessing = 0;
		};
/* End PBXSourcesBuildPhase section */

/* Begin XCBuildConfiguration section */
		8DD7470E2D1FD201006C5BD1 /* Debug */ = {
			isa = XCBuildConfiguration;
			buildSettings = {
				ALWAYS_SEARCH_USER_PATHS = NO;
				ASSETCATALOG_COMPILER_GENERATE_SWIFT_ASSET_SYMBOL_EXTENSIONS = YES;
				CLANG_ANALYZER_NONNULL = YES;
				CLANG_ANALYZER_NUMBER_OBJECT_CONVERSION = YES_AGGRESSIVE;
				CLANG_CXX_LANGUAGE_STANDARD = "gnu++20";
				CLANG_ENABLE_MODULES = YES;
				CLANG_ENABLE_OBJC_ARC = YES;
				CLANG_ENABLE_OBJC_WEAK = YES;
				CLANG_WARN_BLOCK_CAPTURE_AUTORELEASING = YES;
				CLANG_WARN_BOOL_CONVERSION = YES;
				CLANG_WARN_COMMA = YES;
				CLANG_WARN_CONSTANT_CONVERSION = YES;
				CLANG_WARN_DEPRECATED_OBJC_IMPLEMENTATIONS = YES;
				CLANG_WARN_DIRECT_OBJC_ISA_USAGE = YES_ERROR;
				CLANG_WARN_DOCUMENTATION_COMMENTS = YES;
				CLANG_WARN_EMPTY_BODY = YES;
				CLANG_WARN_ENUM_CONVERSION = YES;
				CLANG_WARN_INFINITE_RECURSION = YES;
				CLANG_WARN_INT_CONVERSION = YES;
				CLANG_WARN_NON_LITERAL_NULL_CONVERSION = YES;
				CLANG_WARN_OBJC_IMPLICIT_RETAIN_SELF = YES;
				CLANG_WARN_OBJC_LITERAL_CONVERSION = YES;
				CLANG_WARN_OBJC_ROOT_CLASS = YES_ERROR;
				CLANG_WARN_QUOTED_INCLUDE_IN_FRAMEWORK_HEADER = YES;
				CLANG_WARN_RANGE_LOOP_ANALYSIS = YES;
				CLANG_WARN_STRICT_PROTOTYPES = YES;
				CLANG_WARN_SUSPICIOUS_MOVE = YES;
				CLANG_WARN_UNGUARDED_AVAILABILITY = YES_AGGRESSIVE;
				CLANG_WARN_UNREACHABLE_CODE = YES;
				CLANG_WARN__DUPLICATE_METHOD_MATCH = YES;
				COPY_PHASE_STRIP = NO;
				DEBUG_INFORMATION_FORMAT = dwarf;
				ENABLE_STRICT_OBJC_MSGSEND = YES;
				ENABLE_TESTABILITY = YES;
				ENABLE_USER_SCRIPT_SANDBOXING = YES;
				GCC_C_LANGUAGE_STANDARD = gnu17;
				GCC_DYNAMIC_NO_PIC = NO;
				GCC_NO_COMMON_BLOCKS = YES;
				GCC_OPTIMIZATION_LEVEL = 0;
				GCC_PREPROCESSOR_DEFINITIONS = (
					"DEBUG=1",
					"$(inherited)",
				);
				GCC_WARN_64_TO_32_BIT_CONVERSION = YES;
				GCC_WARN_ABOUT_RETURN_TYPE = YES_ERROR;
				GCC_WARN_UNDECLARED_SELECTOR = YES;
				GCC_WARN_UNINITIALIZED_AUTOS = YES_AGGRESSIVE;
				GCC_WARN_UNUSED_FUNCTION = YES;
				GCC_WARN_UNUSED_VARIABLE = YES;
				IPHONEOS_DEPLOYMENT_TARGET = 18.0;
				LOCALIZATION_PREFERS_STRING_CATALOGS = YES;
				MTL_ENABLE_DEBUG_INFO = INCLUDE_SOURCE;
				MTL_FAST_MATH = YES;
				ONLY_ACTIVE_ARCH = YES;
				SDKROOT = iphoneos;
				SWIFT_ACTIVE_COMPILATION_CONDITIONS = "DEBUG $(inherited)";
				SWIFT_OPTIMIZATION_LEVEL = "-Onone";
			};
			name = Debug;
		};
		8DD7470F2D1FD201006C5BD1 /* Release */ = {
			isa = XCBuildConfiguration;
			buildSettings = {
				ALWAYS_SEARCH_USER_PATHS = NO;
				ASSETCATALOG_COMPILER_GENERATE_SWIFT_ASSET_SYMBOL_EXTENSIONS = YES;
				CLANG_ANALYZER_NONNULL = YES;
				CLANG_ANALYZER_NUMBER_OBJECT_CONVERSION = YES_AGGRESSIVE;
				CLANG_CXX_LANGUAGE_STANDARD = "gnu++20";
				CLANG_ENABLE_MODULES = YES;
				CLANG_ENABLE_OBJC_ARC = YES;
				CLANG_ENABLE_OBJC_WEAK = YES;
				CLANG_WARN_BLOCK_CAPTURE_AUTORELEASING = YES;
				CLANG_WARN_BOOL_CONVERSION = YES;
				CLANG_WARN_COMMA = YES;
				CLANG_WARN_CONSTANT_CONVERSION = YES;
				CLANG_WARN_DEPRECATED_OBJC_IMPLEMENTATIONS = YES;
				CLANG_WARN_DIRECT_OBJC_ISA_USAGE = YES_ERROR;
				CLANG_WARN_DOCUMENTATION_COMMENTS = YES;
				CLANG_WARN_EMPTY_BODY = YES;
				CLANG_WARN_ENUM_CONVERSION = YES;
				CLANG_WARN_INFINITE_RECURSION = YES;
				CLANG_WARN_INT_CONVERSION = YES;
				CLANG_WARN_NON_LITERAL_NULL_CONVERSION = YES;
				CLANG_WARN_OBJC_IMPLICIT_RETAIN_SELF = YES;
				CLANG_WARN_OBJC_LITERAL_CONVERSION = YES;
				CLANG_WARN_OBJC_ROOT_CLASS = YES_ERROR;
				CLANG_WARN_QUOTED_INCLUDE_IN_FRAMEWORK_HEADER = YES;
				CLANG_WARN_RANGE_LOOP_ANALYSIS = YES;
				CLANG_WARN_STRICT_PROTOTYPES = YES;
				CLANG_WARN_SUSPICIOUS_MOVE = YES;
				CLANG_WARN_UNGUARDED_AVAILABILITY = YES_AGGRESSIVE;
				CLANG_WARN_UNREACHABLE_CODE = YES;
				CLANG_WARN__DUPLICATE_METHOD_MATCH = YES;
				COPY_PHASE_STRIP = NO;
				DEBUG_INFORMATION_FORMAT = "dwarf-with-dsym";
				ENABLE_NS_ASSERTIONS = NO;
				ENABLE_STRICT_OBJC_MSGSEND = YES;
				ENABLE_USER_SCRIPT_SANDBOXING = YES;
				GCC_C_LANGUAGE_STANDARD = gnu17;
				GCC_NO_COMMON_BLOCKS = YES;
				GCC_WARN_64_TO_32_BIT_CONVERSION = YES;
				GCC_WARN_ABOUT_RETURN_TYPE = YES_ERROR;
				GCC_WARN_UNDECLARED_SELECTOR = YES;
				GCC_WARN_UNINITIALIZED_AUTOS = YES_AGGRESSIVE;
				GCC_WARN_UNUSED_FUNCTION = YES;
				GCC_WARN_UNUSED_VARIABLE = YES;
				IPHONEOS_DEPLOYMENT_TARGET = 18.0;
				LOCALIZATION_PREFERS_STRING_CATALOGS = YES;
				MTL_ENABLE_DEBUG_INFO = NO;
				MTL_FAST_MATH = YES;
				SDKROOT = iphoneos;
				SWIFT_COMPILATION_MODE = wholemodule;
				VALIDATE_PRODUCT = YES;
			};
			name = Release;
		};
		8DD747112D1FD201006C5BD1 /* Debug */ = {
			isa = XCBuildConfiguration;
			baseConfigurationReference = 66AB7A5A3A6BCF4371A5CB70 /* Pods-BrotliSample.debug.xcconfig */;
			buildSettings = {
				ASSETCATALOG_COMPILER_APPICON_NAME = AppIcon;
				ASSETCATALOG_COMPILER_GLOBAL_ACCENT_COLOR_NAME = AccentColor;
				CODE_SIGN_STYLE = Automatic;
				CURRENT_PROJECT_VERSION = 1;
				DEVELOPMENT_ASSET_PATHS = "\"BrotliSample/Preview Content\"";
				ENABLE_PREVIEWS = YES;
				ENABLE_USER_SCRIPT_SANDBOXING = NO;
				GENERATE_INFOPLIST_FILE = YES;
				INFOPLIST_KEY_UIApplicationSceneManifest_Generation = YES;
				INFOPLIST_KEY_UIApplicationSupportsIndirectInputEvents = YES;
				INFOPLIST_KEY_UILaunchScreen_Generation = YES;
				INFOPLIST_KEY_UISupportedInterfaceOrientations_iPad = "UIInterfaceOrientationPortrait UIInterfaceOrientationPortraitUpsideDown UIInterfaceOrientationLandscapeLeft UIInterfaceOrientationLandscapeRight";
				INFOPLIST_KEY_UISupportedInterfaceOrientations_iPhone = "UIInterfaceOrientationPortrait UIInterfaceOrientationLandscapeLeft UIInterfaceOrientationLandscapeRight";
				IPHONEOS_DEPLOYMENT_TARGET = 15.0;
				LD_RUNPATH_SEARCH_PATHS = (
					"$(inherited)",
					"@executable_path/Frameworks",
				);
				MARKETING_VERSION = 1.0;
				PRODUCT_BUNDLE_IDENTIFIER = playground.BrotliSample;
				PRODUCT_NAME = "$(TARGET_NAME)";
				SWIFT_EMIT_LOC_STRINGS = YES;
				SWIFT_VERSION = 5.0;
				TARGETED_DEVICE_FAMILY = "1,2";
			};
			name = Debug;
		};
		8DD747122D1FD201006C5BD1 /* Release */ = {
			isa = XCBuildConfiguration;
			baseConfigurationReference = 458E46F7C01681BFB034AFD2 /* Pods-BrotliSample.release.xcconfig */;
			buildSettings = {
				ASSETCATALOG_COMPILER_APPICON_NAME = AppIcon;
				ASSETCATALOG_COMPILER_GLOBAL_ACCENT_COLOR_NAME = AccentColor;
				CODE_SIGN_STYLE = Automatic;
				CURRENT_PROJECT_VERSION = 1;
				DEVELOPMENT_ASSET_PATHS = "\"BrotliSample/Preview Content\"";
				ENABLE_PREVIEWS = YES;
				ENABLE_USER_SCRIPT_SANDBOXING = NO;
				GENERATE_INFOPLIST_FILE = YES;
				INFOPLIST_KEY_UIApplicationSceneManifest_Generation = YES;
				INFOPLIST_KEY_UIApplicationSupportsIndirectInputEvents = YES;
				INFOPLIST_KEY_UILaunchScreen_Generation = YES;
				INFOPLIST_KEY_UISupportedInterfaceOrientations_iPad = "UIInterfaceOrientationPortrait UIInterfaceOrientationPortraitUpsideDown UIInterfaceOrientationLandscapeLeft UIInterfaceOrientationLandscapeRight";
				INFOPLIST_KEY_UISupportedInterfaceOrientations_iPhone = "UIInterfaceOrientationPortrait UIInterfaceOrientationLandscapeLeft UIInterfaceOrientationLandscapeRight";
				IPHONEOS_DEPLOYMENT_TARGET = 15.0;
				LD_RUNPATH_SEARCH_PATHS = (
					"$(inherited)",
					"@executable_path/Frameworks",
				);
				MARKETING_VERSION = 1.0;
				PRODUCT_BUNDLE_IDENTIFIER = playground.BrotliSample;
				PRODUCT_NAME = "$(TARGET_NAME)";
				SWIFT_EMIT_LOC_STRINGS = YES;
				SWIFT_VERSION = 5.0;
				TARGETED_DEVICE_FAMILY = "1,2";
			};
			name = Release;
		};
/* End XCBuildConfiguration section */

/* Begin XCConfigurationList section */
		8DD746FD2D1FD200006C5BD1 /* Build configuration list for PBXProject "BrotliSample" */ = {
			isa = XCConfigurationList;
			buildConfigurations = (
				8DD7470E2D1FD201006C5BD1 /* Debug */,
				8DD7470F2D1FD201006C5BD1 /* Release */,
			);
			defaultConfigurationIsVisible = 0;
			defaultConfigurationName = Release;
		};
		8DD747102D1FD201006C5BD1 /* Build configuration list for PBXNativeTarget "BrotliSample" */ = {
			isa = XCConfigurationList;
			buildConfigurations = (
				8DD747112D1FD201006C5BD1 /* Debug */,
				8DD747122D1FD201006C5BD1 /* Release */,
			);
			defaultConfigurationIsVisible = 0;
			defaultConfigurationName = Release;
		};
/* End XCConfigurationList section */
	};
	rootObject = 8DD746FA2D1FD200006C5BD1 /* Project object */;
}
